
Microsoft Visual Studio Solution File, Format Version 12.00
# Visual Studio Version 17
VisualStudioVersion = 17.0.31903.59
MinimumVisualStudioVersion = 10.0.40219.1
Project("{2150E333-8FDC-42A3-9474-1A3956D46DE8}") = "src", "src", "{827E0CD3-B72D-47B6-A68D-7590B98EB39B}"
EndProject
Project("{FAE04EC0-301F-11D3-BF4B-00C04F79EFBC}") = "WMS.Domain", "src\WMS.Domain\WMS.Domain.csproj", "{6A51E793-0E1B-419A-8DB3-D99743A480B0}"
EndProject
Project("{FAE04EC0-301F-11D3-BF4B-00C04F79EFBC}") = "WMS.Application", "src\WMS.Application\WMS.Application.csproj", "{F28494DB-8AA6-4D2E-9016-CC60C39DFBE3}"
EndProject
Project("{FAE04EC0-301F-11D3-BF4B-00C04F79EFBC}") = "WMS.Infrastructure", "src\WMS.Infrastructure\WMS.Infrastructure.csproj", "{401F7E9E-20EC-4799-A774-72D3937E36FF}"
EndProject
Project("{FAE04EC0-301F-11D3-BF4B-00C04F79EFBC}") = "WMS.API", "src\WMS.API\WMS.API.csproj", "{A1A4BA87-15D1-4E86-B830-9127831EAC80}"
EndProject
Project("{2150E333-8FDC-42A3-9474-1A3956D46DE8}") = "tests", "tests", "{0AB3BF05-4346-4AA6-1389-037BE0695223}"
EndProject
Project("{FAE04EC0-301F-11D3-BF4B-00C04F79EFBC}") = "WMS.UnitTests", "tests\WMS.UnitTests\WMS.UnitTests.csproj", "{B287D3E6-C13B-4CCE-93CE-004759C7E46F}"
EndProject
Project("{FAE04EC0-301F-11D3-BF4B-00C04F79EFBC}") = "WMS.IntegrationTests", "tests\WMS.IntegrationTests\WMS.IntegrationTests.csproj", "{D36FA0F1-7AC7-4229-A55D-B6CBFC8BD3DA}"
EndProject
Global
	GlobalSection(SolutionConfigurationPlatforms) = preSolution
		Debug|Any CPU = Debug|Any CPU
		Debug|x64 = Debug|x64
		Debug|x86 = Debug|x86
		Release|Any CPU = Release|Any CPU
		Release|x64 = Release|x64
		Release|x86 = Release|x86
	EndGlobalSection
	GlobalSection(ProjectConfigurationPlatforms) = postSolution
		{6A51E793-0E1B-419A-8DB3-D99743A480B0}.Debug|Any CPU.ActiveCfg = Debug|Any CPU
		{6A51E793-0E1B-419A-8DB3-D99743A480B0}.Debug|Any CPU.Build.0 = Debug|Any CPU
		{6A51E793-0E1B-419A-8DB3-D99743A480B0}.Debug|x64.ActiveCfg = Debug|Any CPU
		{6A51E793-0E1B-419A-8DB3-D99743A480B0}.Debug|x64.Build.0 = Debug|Any CPU
		{6A51E793-0E1B-419A-8DB3-D99743A480B0}.Debug|x86.ActiveCfg = Debug|Any CPU
		{6A51E793-0E1B-419A-8DB3-D99743A480B0}.Debug|x86.Build.0 = Debug|Any CPU
		{6A51E793-0E1B-419A-8DB3-D99743A480B0}.Release|Any CPU.ActiveCfg = Release|Any CPU
		{6A51E793-0E1B-419A-8DB3-D99743A480B0}.Release|Any CPU.Build.0 = Release|Any CPU
		{6A51E793-0E1B-419A-8DB3-D99743A480B0}.Release|x64.ActiveCfg = Release|Any CPU
		{6A51E793-0E1B-419A-8DB3-D99743A480B0}.Release|x64.Build.0 = Release|Any CPU
		{6A51E793-0E1B-419A-8DB3-D99743A480B0}.Release|x86.ActiveCfg = Release|Any CPU
		{6A51E793-0E1B-419A-8DB3-D99743A480B0}.Release|x86.Build.0 = Release|Any CPU
		{F28494DB-8AA6-4D2E-9016-CC60C39DFBE3}.Debug|Any CPU.ActiveCfg = Debug|Any CPU
		{F28494DB-8AA6-4D2E-9016-CC60C39DFBE3}.Debug|Any CPU.Build.0 = Debug|Any CPU
		{F28494DB-8AA6-4D2E-9016-CC60C39DFBE3}.Debug|x64.ActiveCfg = Debug|Any CPU
		{F28494DB-8AA6-4D2E-9016-CC60C39DFBE3}.Debug|x64.Build.0 = Debug|Any CPU
		{F28494DB-8AA6-4D2E-9016-CC60C39DFBE3}.Debug|x86.ActiveCfg = Debug|Any CPU
		{F28494DB-8AA6-4D2E-9016-CC60C39DFBE3}.Debug|x86.Build.0 = Debug|Any CPU
		{F28494DB-8AA6-4D2E-9016-CC60C39DFBE3}.Release|Any CPU.ActiveCfg = Release|Any CPU
		{F28494DB-8AA6-4D2E-9016-CC60C39DFBE3}.Release|Any CPU.Build.0 = Release|Any CPU
		{F28494DB-8AA6-4D2E-9016-CC60C39DFBE3}.Release|x64.ActiveCfg = Release|Any CPU
		{F28494DB-8AA6-4D2E-9016-CC60C39DFBE3}.Release|x64.Build.0 = Release|Any CPU
		{F28494DB-8AA6-4D2E-9016-CC60C39DFBE3}.Release|x86.ActiveCfg = Release|Any CPU
		{F28494DB-8AA6-4D2E-9016-CC60C39DFBE3}.Release|x86.Build.0 = Release|Any CPU
		{401F7E9E-20EC-4799-A774-72D3937E36FF}.Debug|Any CPU.ActiveCfg = Debug|Any CPU
		{401F7E9E-20EC-4799-A774-72D3937E36FF}.Debug|Any CPU.Build.0 = Debug|Any CPU
		{401F7E9E-20EC-4799-A774-72D3937E36FF}.Debug|x64.ActiveCfg = Debug|Any CPU
		{401F7E9E-20EC-4799-A774-72D3937E36FF}.Debug|x64.Build.0 = Debug|Any CPU
		{401F7E9E-20EC-4799-A774-72D3937E36FF}.Debug|x86.ActiveCfg = Debug|Any CPU
		{401F7E9E-20EC-4799-A774-72D3937E36FF}.Debug|x86.Build.0 = Debug|Any CPU
		{401F7E9E-20EC-4799-A774-72D3937E36FF}.Release|Any CPU.ActiveCfg = Release|Any CPU
		{401F7E9E-20EC-4799-A774-72D3937E36FF}.Release|Any CPU.Build.0 = Release|Any CPU
		{401F7E9E-20EC-4799-A774-72D3937E36FF}.Release|x64.ActiveCfg = Release|Any CPU
		{401F7E9E-20EC-4799-A774-72D3937E36FF}.Release|x64.Build.0 = Release|Any CPU
		{401F7E9E-20EC-4799-A774-72D3937E36FF}.Release|x86.ActiveCfg = Release|Any CPU
		{401F7E9E-20EC-4799-A774-72D3937E36FF}.Release|x86.Build.0 = Release|Any CPU
		{A1A4BA87-15D1-4E86-B830-9127831EAC80}.Debug|Any CPU.ActiveCfg = Debug|Any CPU
		{A1A4BA87-15D1-4E86-B830-9127831EAC80}.Debug|Any CPU.Build.0 = Debug|Any CPU
		{A1A4BA87-15D1-4E86-B830-9127831EAC80}.Debug|x64.ActiveCfg = Debug|Any CPU
		{A1A4BA87-15D1-4E86-B830-9127831EAC80}.Debug|x64.Build.0 = Debug|Any CPU
		{A1A4BA87-15D1-4E86-B830-9127831EAC80}.Debug|x86.ActiveCfg = Debug|Any CPU
		{A1A4BA87-15D1-4E86-B830-9127831EAC80}.Debug|x86.Build.0 = Debug|Any CPU
		{A1A4BA87-15D1-4E86-B830-9127831EAC80}.Release|Any CPU.ActiveCfg = Release|Any CPU
		{A1A4BA87-15D1-4E86-B830-9127831EAC80}.Release|Any CPU.Build.0 = Release|Any CPU
		{A1A4BA87-15D1-4E86-B830-9127831EAC80}.Release|x64.ActiveCfg = Release|Any CPU
		{A1A4BA87-15D1-4E86-B830-9127831EAC80}.Release|x64.Build.0 = Release|Any CPU
		{A1A4BA87-15D1-4E86-B830-9127831EAC80}.Release|x86.ActiveCfg = Release|Any CPU
		{A1A4BA87-15D1-4E86-B830-9127831EAC80}.Release|x86.Build.0 = Release|Any CPU
		{B287D3E6-C13B-4CCE-93CE-004759C7E46F}.Debug|Any CPU.ActiveCfg = Debug|Any CPU
		{B287D3E6-C13B-4CCE-93CE-004759C7E46F}.Debug|Any CPU.Build.0 = Debug|Any CPU
		{B287D3E6-C13B-4CCE-93CE-004759C7E46F}.Debug|x64.ActiveCfg = Debug|Any CPU
		{B287D3E6-C13B-4CCE-93CE-004759C7E46F}.Debug|x64.Build.0 = Debug|Any CPU
		{B287D3E6-C13B-4CCE-93CE-004759C7E46F}.Debug|x86.ActiveCfg = Debug|Any CPU
		{B287D3E6-C13B-4CCE-93CE-004759C7E46F}.Debug|x86.Build.0 = Debug|Any CPU
		{B287D3E6-C13B-4CCE-93CE-004759C7E46F}.Release|Any CPU.ActiveCfg = Release|Any CPU
		{B287D3E6-C13B-4CCE-93CE-004759C7E46F}.Release|Any CPU.Build.0 = Release|Any CPU
		{B287D3E6-C13B-4CCE-93CE-004759C7E46F}.Release|x64.ActiveCfg = Release|Any CPU
		{B287D3E6-C13B-4CCE-93CE-004759C7E46F}.Release|x64.Build.0 = Release|Any CPU
		{B287D3E6-C13B-4CCE-93CE-004759C7E46F}.Release|x86.ActiveCfg = Release|Any CPU
		{B287D3E6-C13B-4CCE-93CE-004759C7E46F}.Release|x86.Build.0 = Release|Any CPU
		{D36FA0F1-7AC7-4229-A55D-B6CBFC8BD3DA}.Debug|Any CPU.ActiveCfg = Debug|Any CPU
		{D36FA0F1-7AC7-4229-A55D-B6CBFC8BD3DA}.Debug|Any CPU.Build.0 = Debug|Any CPU
		{D36FA0F1-7AC7-4229-A55D-B6CBFC8BD3DA}.Debug|x64.ActiveCfg = Debug|Any CPU
		{D36FA0F1-7AC7-4229-A55D-B6CBFC8BD3DA}.Debug|x64.Build.0 = Debug|Any CPU
		{D36FA0F1-7AC7-4229-A55D-B6CBFC8BD3DA}.Debug|x86.ActiveCfg = Debug|Any CPU
		{D36FA0F1-7AC7-4229-A55D-B6CBFC8BD3DA}.Debug|x86.Build.0 = Debug|Any CPU
		{D36FA0F1-7AC7-4229-A55D-B6CBFC8BD3DA}.Release|Any CPU.ActiveCfg = Release|Any CPU
		{D36FA0F1-7AC7-4229-A55D-B6CBFC8BD3DA}.Release|Any CPU.Build.0 = Release|Any CPU
		{D36FA0F1-7AC7-4229-A55D-B6CBFC8BD3DA}.Release|x64.ActiveCfg = Release|Any CPU
		{D36FA0F1-7AC7-4229-A55D-B6CBFC8BD3DA}.Release|x64.Build.0 = Release|Any CPU
		{D36FA0F1-7AC7-4229-A55D-B6CBFC8BD3DA}.Release|x86.ActiveCfg = Release|Any CPU
		{D36FA0F1-7AC7-4229-A55D-B6CBFC8BD3DA}.Release|x86.Build.0 = Release|Any CPU
	EndGlobalSection
	GlobalSection(SolutionProperties) = preSolution
		HideSolutionNode = FALSE
	EndGlobalSection
	GlobalSection(NestedProjects) = preSolution
		{6A51E793-0E1B-419A-8DB3-D99743A480B0} = {827E0CD3-B72D-47B6-A68D-7590B98EB39B}
		{F28494DB-8AA6-4D2E-9016-CC60C39DFBE3} = {827E0CD3-B72D-47B6-A68D-7590B98EB39B}
		{401F7E9E-20EC-4799-A774-72D3937E36FF} = {827E0CD3-B72D-47B6-A68D-7590B98EB39B}
		{A1A4BA87-15D1-4E86-B830-9127831EAC80} = {827E0CD3-B72D-47B6-A68D-7590B98EB39B}
		{B287D3E6-C13B-4CCE-93CE-004759C7E46F} = {0AB3BF05-4346-4AA6-1389-037BE0695223}
		{D36FA0F1-7AC7-4229-A55D-B6CBFC8BD3DA} = {0AB3BF05-4346-4AA6-1389-037BE0695223}
	EndGlobalSection
EndGlobal
